
Microsoft Visual Studio Solution File, Format Version 12.00
# Visual Studio Version 17
VisualStudioVersion = 17.0.31903.59
MinimumVisualStudioVersion = 10.0.40219.1
Project("{2150E333-8FDC-42A3-9474-1A3956D46DE8}") = "src", "src", "{555ADF87-3BD5-49F1-91D2-052D7FEAEF60}"
EndProject
Project("{FAE04EC0-301F-11D3-BF4B-00C04F79EFBC}") = "BlazorApp", "src\BlazorApp\BlazorApp.csproj", "{0E4E8348-79E0-4BC2-8611-6AABAC95F1A3}"
EndProject
Global
	GlobalSection(SolutionConfigurationPlatforms) = preSolution
		Debug|Any CPU = Debug|Any CPU
		Release|Any CPU = Release|Any CPU
	EndGlobalSection
	GlobalSection(SolutionProperties) = preSolution
		HideSolutionNode = FALSE
	EndGlobalSection
	GlobalSection(ProjectConfigurationPlatforms) = postSolution
		{0E4E8348-79E0-4BC2-8611-6AABAC95F1A3}.Debug|Any CPU.ActiveCfg = Debug|Any CPU
		{0E4E8348-79E0-4BC2-8611-6AABAC95F1A3}.Debug|Any CPU.Build.0 = Debug|Any CPU
		{0E4E8348-79E0-4BC2-8611-6AABAC95F1A3}.Release|Any CPU.ActiveCfg = Release|Any CPU
		{0E4E8348-79E0-4BC2-8611-6AABAC95F1A3}.Release|Any CPU.Build.0 = Release|Any CPU
	EndGlobalSection
	GlobalSection(NestedProjects) = preSolution
		{0E4E8348-79E0-4BC2-8611-6AABAC95F1A3} = {555ADF87-3BD5-49F1-91D2-052D7FEAEF60}
	EndGlobalSection
EndGlobal
